
Microsoft Visual Studio Solution File, Format Version 12.00
# Visual Studio 15
VisualStudioVersion = 15.0.27004.2010
MinimumVisualStudioVersion = 10.0.40219.1
Project("{F2A71F9B-5D33-465A-A702-920D77279786}") = "test", "test.fsproj", "{8DBCFBE5-841A-475B-AB3B-B965BBBC8F4F}"
EndProject
Global
	GlobalSection(SolutionConfigurationPlatforms) = preSolution
		Debug|Any CPU = Debug|Any CPU
		Release|Any CPU = Release|Any CPU
	EndGlobalSection
	GlobalSection(ProjectConfigurationPlatforms) = postSolution
		{8DBCFBE5-841A-475B-AB3B-B965BBBC8F4F}.Debug|Any CPU.ActiveCfg = Debug|Any CPU
		{8DBCFBE5-841A-475B-AB3B-B965BBBC8F4F}.Debug|Any CPU.Build.0 = Debug|Any CPU
		{8DBCFBE5-841A-475B-AB3B-B965BBBC8F4F}.Release|Any CPU.ActiveCfg = Release|Any CPU
		{8DBCFBE5-841A-475B-AB3B-B965BBBC8F4F}.Release|Any CPU.Build.0 = Release|Any CPU
	EndGlobalSection
	GlobalSection(SolutionProperties) = preSolution
		HideSolutionNode = FALSE
	EndGlobalSection
	GlobalSection(ExtensibilityGlobals) = postSolution
		SolutionGuid = {C24631DB-0AE8-4809-ADC9-7C7F39715276}
	EndGlobalSection
EndGlobal
